
Microsoft Visual Studio Solution File, Format Version 12.00
# Visual Studio Version 16
VisualStudioVersion = 16.0.29409.12
MinimumVisualStudioVersion = 10.0.40219.1
Project("{FAE04EC0-301F-11D3-BF4B-00C04F79EFBC}") = "QuanLyThuVien", "QuanLyThuVien.csproj", "{E6898FD5-A0B1-4F3C-9F99-61E4F1FC7292}"
EndProject
Global
	GlobalSection(SolutionConfigurationPlatforms) = preSolution
		Debug|Any CPU = Debug|Any CPU
		Release|Any CPU = Release|Any CPU
	EndGlobalSection
	GlobalSection(ProjectConfigurationPlatforms) = postSolution
		{E6898FD5-A0B1-4F3C-9F99-61E4F1FC7292}.Debug|Any CPU.ActiveCfg = Debug|Any CPU
		{E6898FD5-A0B1-4F3C-9F99-61E4F1FC7292}.Debug|Any CPU.Build.0 = Debug|Any CPU
		{E6898FD5-A0B1-4F3C-9F99-61E4F1FC7292}.Release|Any CPU.ActiveCfg = Release|Any CPU
		{E6898FD5-A0B1-4F3C-9F99-61E4F1FC7292}.Release|Any CPU.Build.0 = Release|Any CPU
	EndGlobalSection
	GlobalSection(SolutionProperties) = preSolution
		HideSolutionNode = FALSE
	EndGlobalSection
	GlobalSection(ExtensibilityGlobals) = postSolution
		SolutionGuid = {84A94BBD-F5D3-49DB-95DB-A8A9D630F7FE}
	EndGlobalSection
EndGlobal
